
Microsoft Visual Studio Solution File, Format Version 12.00
# Visual Studio Version 16
VisualStudioVersion = 16.0.29215.179
MinimumVisualStudioVersion = 10.0.40219.1
Project("{FAE04EC0-301F-11D3-BF4B-00C04F79EFBC}") = "baumann_MIS4200", "baumann_MIS4200.csproj", "{6E0D1225-80DF-4006-B92B-44B02F5154D5}"
EndProject
Global
	GlobalSection(SolutionConfigurationPlatforms) = preSolution
		Debug|Any CPU = Debug|Any CPU
		Release|Any CPU = Release|Any CPU
	EndGlobalSection
	GlobalSection(ProjectConfigurationPlatforms) = postSolution
		{6E0D1225-80DF-4006-B92B-44B02F5154D5}.Debug|Any CPU.ActiveCfg = Debug|Any CPU
		{6E0D1225-80DF-4006-B92B-44B02F5154D5}.Debug|Any CPU.Build.0 = Debug|Any CPU
		{6E0D1225-80DF-4006-B92B-44B02F5154D5}.Release|Any CPU.ActiveCfg = Release|Any CPU
		{6E0D1225-80DF-4006-B92B-44B02F5154D5}.Release|Any CPU.Build.0 = Release|Any CPU
	EndGlobalSection
	GlobalSection(SolutionProperties) = preSolution
		HideSolutionNode = FALSE
	EndGlobalSection
	GlobalSection(ExtensibilityGlobals) = postSolution
		SolutionGuid = {7850CBDC-557D-4BBB-B7C5-3EE076EC65A1}
	EndGlobalSection
EndGlobal
